
Microsoft Visual Studio Solution File, Format Version 12.00
# Visual Studio 2013
VisualStudioVersion = 12.0.30723.0
MinimumVisualStudioVersion = 10.0.40219.1
Project("{2150E333-8FDC-42A3-9474-1A3956D46DE8}") = "Data", "Data", "{647F6A7B-B2E5-4D83-BC09-DEC4CE67F766}"
EndProject
Project("{2150E333-8FDC-42A3-9474-1A3956D46DE8}") = "Common", "Common", "{5268A773-5601-4FCF-B38B-DA216ADE7023}"
EndProject
Project("{2150E333-8FDC-42A3-9474-1A3956D46DE8}") = "Web", "Web", "{9689A0E7-652F-4733-818E-B045661D1090}"
EndProject
Project("{FAE04EC0-301F-11D3-BF4B-00C04F79EFBC}") = "TestManagmentSystem.Web", "Web\TestManagmentSystem.Web\TestManagmentSystem.Web.csproj", "{2931D5EB-8106-496B-A7E8-212E4377B21F}"
EndProject
Project("{FAE04EC0-301F-11D3-BF4B-00C04F79EFBC}") = "TestManagmentSystem.Data", "Data\TestManagmentSystem.Data\TestManagmentSystem.Data.csproj", "{426067A2-3DDD-4F2E-8E8B-EF01F51D6588}"
EndProject
Project("{FAE04EC0-301F-11D3-BF4B-00C04F79EFBC}") = "TestManagmentSystem.Data.Common", "Data\TestManagmentSystem.Data.Common\TestManagmentSystem.Data.Common.csproj", "{234FDE1C-4EE4-42CE-B250-30DD02697946}"
EndProject
Project("{FAE04EC0-301F-11D3-BF4B-00C04F79EFBC}") = "TestManagmentSystem.Data.Models", "Data\TestManagmentSystem.Data.Models\TestManagmentSystem.Data.Models.csproj", "{FE8AE169-ACAA-40FF-B91A-9E5B577BA0E4}"
EndProject
Global
	GlobalSection(SolutionConfigurationPlatforms) = preSolution
		Debug|Any CPU = Debug|Any CPU
		Release|Any CPU = Release|Any CPU
	EndGlobalSection
	GlobalSection(ProjectConfigurationPlatforms) = postSolution
		{2931D5EB-8106-496B-A7E8-212E4377B21F}.Debug|Any CPU.ActiveCfg = Debug|Any CPU
		{2931D5EB-8106-496B-A7E8-212E4377B21F}.Debug|Any CPU.Build.0 = Debug|Any CPU
		{2931D5EB-8106-496B-A7E8-212E4377B21F}.Release|Any CPU.ActiveCfg = Release|Any CPU
		{2931D5EB-8106-496B-A7E8-212E4377B21F}.Release|Any CPU.Build.0 = Release|Any CPU
		{426067A2-3DDD-4F2E-8E8B-EF01F51D6588}.Debug|Any CPU.ActiveCfg = Debug|Any CPU
		{426067A2-3DDD-4F2E-8E8B-EF01F51D6588}.Debug|Any CPU.Build.0 = Debug|Any CPU
		{426067A2-3DDD-4F2E-8E8B-EF01F51D6588}.Release|Any CPU.ActiveCfg = Release|Any CPU
		{426067A2-3DDD-4F2E-8E8B-EF01F51D6588}.Release|Any CPU.Build.0 = Release|Any CPU
		{234FDE1C-4EE4-42CE-B250-30DD02697946}.Debug|Any CPU.ActiveCfg = Debug|Any CPU
		{234FDE1C-4EE4-42CE-B250-30DD02697946}.Debug|Any CPU.Build.0 = Debug|Any CPU
		{234FDE1C-4EE4-42CE-B250-30DD02697946}.Release|Any CPU.ActiveCfg = Release|Any CPU
		{234FDE1C-4EE4-42CE-B250-30DD02697946}.Release|Any CPU.Build.0 = Release|Any CPU
		{FE8AE169-ACAA-40FF-B91A-9E5B577BA0E4}.Debug|Any CPU.ActiveCfg = Debug|Any CPU
		{FE8AE169-ACAA-40FF-B91A-9E5B577BA0E4}.Debug|Any CPU.Build.0 = Debug|Any CPU
		{FE8AE169-ACAA-40FF-B91A-9E5B577BA0E4}.Release|Any CPU.ActiveCfg = Release|Any CPU
		{FE8AE169-ACAA-40FF-B91A-9E5B577BA0E4}.Release|Any CPU.Build.0 = Release|Any CPU
	EndGlobalSection
	GlobalSection(SolutionProperties) = preSolution
		HideSolutionNode = FALSE
	EndGlobalSection
	GlobalSection(NestedProjects) = preSolution
		{2931D5EB-8106-496B-A7E8-212E4377B21F} = {9689A0E7-652F-4733-818E-B045661D1090}
		{426067A2-3DDD-4F2E-8E8B-EF01F51D6588} = {647F6A7B-B2E5-4D83-BC09-DEC4CE67F766}
		{234FDE1C-4EE4-42CE-B250-30DD02697946} = {647F6A7B-B2E5-4D83-BC09-DEC4CE67F766}
		{FE8AE169-ACAA-40FF-B91A-9E5B577BA0E4} = {647F6A7B-B2E5-4D83-BC09-DEC4CE67F766}
	EndGlobalSection
EndGlobal
